{
  "version": 4,
  "terraform_version": "1.14.0",
  "serial": 3,
  "lineage": "0359346a-8180-34c7-fe0f-420459b5933e",
  "outputs": {},
  "resources": [
    {
      "mode": "managed",
      "type": "aws_vpc",
      "name": "vpc_djmp_ohio",
      "provider": "provider[\"registry.terraform.io/hashicorp/aws\"].ohio",
      "instances": [
        {
          "schema_version": 1,
          "attributes": {
            "arn": "arn:aws:ec2:us-east-2:051042291982:vpc/vpc-03a34d14b2c995705",
            "assign_generated_ipv6_cidr_block": false,
            "cidr_block": "10.20.0.0/16",
            "default_network_acl_id": "acl-00ae5e11b42a8082e",
            "default_route_table_id": "rtb-06d7240c4fe04f194",
            "default_security_group_id": "sg-0b9e2c62f379385de",
            "dhcp_options_id": "dopt-05511628540fcadfa",
            "enable_dns_hostnames": false,
            "enable_dns_support": true,
            "enable_network_address_usage_metrics": false,
            "id": "vpc-03a34d14b2c995705",
            "instance_tenancy": "default",
            "ipv4_ipam_pool_id": null,
            "ipv4_netmask_length": null,
            "ipv6_association_id": "",
            "ipv6_cidr_block": "",
            "ipv6_cidr_block_network_border_group": "",
            "ipv6_ipam_pool_id": "",
            "ipv6_netmask_length": 0,
            "main_route_table_id": "rtb-06d7240c4fe04f194",
            "owner_id": "051042291982",
            "region": "us-east-2",
            "tags": {
              "Env": "dev",
              "Name": "VPC_DJMP_OHIO"
            },
            "tags_all": {
              "Env": "dev",
              "Name": "VPC_DJMP_OHIO"
            }
          },
          "sensitive_attributes": [],
          "identity_schema_version": 0,
          "identity": {
            "account_id": "051042291982",
            "id": "vpc-03a34d14b2c995705",
            "region": "us-east-2"
          },
          "private": "eyJzY2hlbWFfdmVyc2lvbiI6IjEifQ=="
        }
      ]
    },
    {
      "mode": "managed",
      "type": "aws_vpc",
      "name": "vpc_djmp_virginia",
      "provider": "provider[\"registry.terraform.io/hashicorp/aws\"]",
      "instances": [
        {
          "schema_version": 1,
          "attributes": {
            "arn": "arn:aws:ec2:us-east-1:051042291982:vpc/vpc-0cfeacf7dcc9efb4e",
            "assign_generated_ipv6_cidr_block": false,
            "cidr_block": "10.10.0.0/16",
            "default_network_acl_id": "acl-0d7fa7e7a448e00d5",
            "default_route_table_id": "rtb-0355b6e435144543f",
            "default_security_group_id": "sg-088452f82234e0934",
            "dhcp_options_id": "dopt-71fd800b",
            "enable_dns_hostnames": false,
            "enable_dns_support": true,
            "enable_network_address_usage_metrics": false,
            "id": "vpc-0cfeacf7dcc9efb4e",
            "instance_tenancy": "default",
            "ipv4_ipam_pool_id": null,
            "ipv4_netmask_length": null,
            "ipv6_association_id": "",
            "ipv6_cidr_block": "",
            "ipv6_cidr_block_network_border_group": "",
            "ipv6_ipam_pool_id": "",
            "ipv6_netmask_length": 0,
            "main_route_table_id": "rtb-0355b6e435144543f",
            "owner_id": "051042291982",
            "region": "us-east-1",
            "tags": {
              "Env": "dev",
              "Name": "VPC_DJMP_VIRGINIA"
            },
            "tags_all": {
              "Env": "dev",
              "Name": "VPC_DJMP_VIRGINIA"
            }
          },
          "sensitive_attributes": [],
          "identity_schema_version": 0,
          "identity": {
            "account_id": "051042291982",
            "id": "vpc-0cfeacf7dcc9efb4e",
            "region": "us-east-1"
          },
          "private": "eyJzY2hlbWFfdmVyc2lvbiI6IjEifQ=="
        }
      ]
    }
  ],
  "check_results": null
}
